
Microsoft Visual Studio Solution File, Format Version 12.00
# Visual Studio Version 17
VisualStudioVersion = 17.4.33122.133
MinimumVisualStudioVersion = 10.0.40219.1
Project("{FAE04EC0-301F-11D3-BF4B-00C04F79EFBC}") = "Geometry", "Geometry\Geometry.csproj", "{7A47B66D-999C-442D-8C13-116C81CEF588}"
EndProject
Project("{FAE04EC0-301F-11D3-BF4B-00C04F79EFBC}") = "GeometryTest", "GeometryTest\GeometryTest.csproj", "{7B451B9B-85B0-4CE5-93C2-E6992C49BD9C}"
EndProject
Global
	GlobalSection(SolutionConfigurationPlatforms) = preSolution
		Debug|Any CPU = Debug|Any CPU
		Release|Any CPU = Release|Any CPU
	EndGlobalSection
	GlobalSection(ProjectConfigurationPlatforms) = postSolution
		{7A47B66D-999C-442D-8C13-116C81CEF588}.Debug|Any CPU.ActiveCfg = Debug|Any CPU
		{7A47B66D-999C-442D-8C13-116C81CEF588}.Debug|Any CPU.Build.0 = Debug|Any CPU
		{7A47B66D-999C-442D-8C13-116C81CEF588}.Release|Any CPU.ActiveCfg = Release|Any CPU
		{7A47B66D-999C-442D-8C13-116C81CEF588}.Release|Any CPU.Build.0 = Release|Any CPU
		{7B451B9B-85B0-4CE5-93C2-E6992C49BD9C}.Debug|Any CPU.ActiveCfg = Debug|Any CPU
		{7B451B9B-85B0-4CE5-93C2-E6992C49BD9C}.Debug|Any CPU.Build.0 = Debug|Any CPU
		{7B451B9B-85B0-4CE5-93C2-E6992C49BD9C}.Release|Any CPU.ActiveCfg = Release|Any CPU
		{7B451B9B-85B0-4CE5-93C2-E6992C49BD9C}.Release|Any CPU.Build.0 = Release|Any CPU
	EndGlobalSection
	GlobalSection(SolutionProperties) = preSolution
		HideSolutionNode = FALSE
	EndGlobalSection
	GlobalSection(ExtensibilityGlobals) = postSolution
		SolutionGuid = {61BA40EE-07D2-454E-ABD3-0439AA26FF8B}
	EndGlobalSection
EndGlobal
